
Microsoft Visual Studio Solution File, Format Version 12.00
# Visual Studio Version 16
VisualStudioVersion = 16.0.29905.134
MinimumVisualStudioVersion = 10.0.40219.1
Project("{FAE04EC0-301F-11D3-BF4B-00C04F79EFBC}") = "mpp1", "mpp1.csproj", "{2274F15F-5061-4621-94BC-41EE74C88D52}"
EndProject
Global
	GlobalSection(SolutionConfigurationPlatforms) = preSolution
		Debug|Any CPU = Debug|Any CPU
		Release|Any CPU = Release|Any CPU
	EndGlobalSection
	GlobalSection(ProjectConfigurationPlatforms) = postSolution
		{2274F15F-5061-4621-94BC-41EE74C88D52}.Debug|Any CPU.ActiveCfg = Debug|Any CPU
		{2274F15F-5061-4621-94BC-41EE74C88D52}.Debug|Any CPU.Build.0 = Debug|Any CPU
		{2274F15F-5061-4621-94BC-41EE74C88D52}.Release|Any CPU.ActiveCfg = Release|Any CPU
		{2274F15F-5061-4621-94BC-41EE74C88D52}.Release|Any CPU.Build.0 = Release|Any CPU
	EndGlobalSection
	GlobalSection(SolutionProperties) = preSolution
		HideSolutionNode = FALSE
	EndGlobalSection
	GlobalSection(ExtensibilityGlobals) = postSolution
		SolutionGuid = {7C075BBE-FD90-444B-B449-5D72BCA714E7}
	EndGlobalSection
EndGlobal
