
Microsoft Visual Studio Solution File, Format Version 12.00
# Visual Studio Version 16
VisualStudioVersion = 16.0.29905.134
MinimumVisualStudioVersion = 10.0.40219.1
Project("{FAE04EC0-301F-11D3-BF4B-00C04F79EFBC}") = "MPP2", "MPP2.csproj", "{F798014A-338A-4BC0-BE1F-146D231B7931}"
EndProject
Global
	GlobalSection(SolutionConfigurationPlatforms) = preSolution
		Debug|Any CPU = Debug|Any CPU
		Release|Any CPU = Release|Any CPU
	EndGlobalSection
	GlobalSection(ProjectConfigurationPlatforms) = postSolution
		{F798014A-338A-4BC0-BE1F-146D231B7931}.Debug|Any CPU.ActiveCfg = Debug|Any CPU
		{F798014A-338A-4BC0-BE1F-146D231B7931}.Debug|Any CPU.Build.0 = Debug|Any CPU
		{F798014A-338A-4BC0-BE1F-146D231B7931}.Release|Any CPU.ActiveCfg = Release|Any CPU
		{F798014A-338A-4BC0-BE1F-146D231B7931}.Release|Any CPU.Build.0 = Release|Any CPU
	EndGlobalSection
	GlobalSection(SolutionProperties) = preSolution
		HideSolutionNode = FALSE
	EndGlobalSection
	GlobalSection(ExtensibilityGlobals) = postSolution
		SolutionGuid = {BD4CFA20-8206-4291-B8E9-11453C900BFF}
	EndGlobalSection
EndGlobal
